
Microsoft Visual Studio Solution File, Format Version 12.00
# 
Project("{FAE04EC0-301F-11D3-BF4B-00C04F79EFBC}") = "Wacs.Core", "Wacs.Core\Wacs.Core\Wacs.Core.csproj", "{7ABE1650-C85B-4175-A7A0-12B39287AD37}"
EndProject
Project("{FAE04EC0-301F-11D3-BF4B-00C04F79EFBC}") = "Wacs.Console", "Wacs.Console\Wacs.Console\Wacs.Console.csproj", "{E355AFC4-1C09-44AF-BF44-AFF1515AE359}"
EndProject
Project("{FAE04EC0-301F-11D3-BF4B-00C04F79EFBC}") = "Wacs.WASI.Preview1", "Wacs.WASI\Wacs.WASI.Preview1\Wacs.WASI.Preview1\Wacs.WASI.Preview1.csproj", "{A7D87353-CC96-4718-8A86-454F27F5BB72}"
EndProject
Project("{FAE04EC0-301F-11D3-BF4B-00C04F79EFBC}") = "Spec.Test", "Spec.Test\Spec.Test.csproj", "{2200F588-3506-4A4B-BD86-1C8FABA5A19E}"
EndProject
Project("{FAE04EC0-301F-11D3-BF4B-00C04F79EFBC}") = "Feature.Detect", "Feature.Detect\Feature.Detect.csproj", "{AE0D7913-8AA2-4054-B7BC-0C522584272C}"
EndProject
Project("{FAE04EC0-301F-11D3-BF4B-00C04F79EFBC}") = "Wacs.Transpiler", "Wacs.Transpiler\Wacs.Transpiler\Wacs.Transpiler.csproj", "{047F4142-5620-4F5B-AFD9-344D398EBEB9}"
EndProject
Project("{FAE04EC0-301F-11D3-BF4B-00C04F79EFBC}") = "Wacs.Compilation", "Wacs.Core\Wacs.Compilation\Wacs.Compilation.csproj", "{3330F8C1-1F9B-438E-B10B-BB1B34493E29}"
EndProject
Project("{FAE04EC0-301F-11D3-BF4B-00C04F79EFBC}") = "Wacs.Transpiler.Test", "Wacs.Transpiler\Wacs.Transpiler.Test\Wacs.Transpiler.Test.csproj", "{86D77261-EBF7-4ED4-8958-57EDDC211E7F}"
EndProject
Project("{FAE04EC0-301F-11D3-BF4B-00C04F79EFBC}") = "Wacs.Compilation.Test", "Wacs.Core\Wacs.Compilation.Test\Wacs.Compilation.Test.csproj", "{854DD165-D7CB-45AE-8413-EA81F6D2C5C3}"
EndProject
Project("{FAE04EC0-301F-11D3-BF4B-00C04F79EFBC}") = "Wacs.Transpiler.Lib", "Wacs.Transpiler\Wacs.Transpiler.Lib\Wacs.Transpiler.Lib.csproj", "{CC2BEAF6-76B7-449A-8D23-549025E6F120}"
EndProject
Project("{FAE04EC0-301F-11D3-BF4B-00C04F79EFBC}") = "Wacs.Core.Test", "Wacs.Core\Wacs.Core.Test\Wacs.Core.Test.csproj", "{6DB10230-B3B1-49CF-97E4-939A5DF4FF4B}"
EndProject
Project("{FAE04EC0-301F-11D3-BF4B-00C04F79EFBC}") = "Wacs.WASI.Threads", "Wacs.WASI\Wacs.WASI.Threads\Wacs.WASI.Threads\Wacs.WASI.Threads.csproj", "{29E1FED0-1867-43DF-A473-EB7871C32EBB}"
EndProject
Project("{FAE04EC0-301F-11D3-BF4B-00C04F79EFBC}") = "Wacs.ComponentModel", "Wacs.ComponentModel\Wacs.ComponentModel\Wacs.ComponentModel.csproj", "{5C50513B-BD3A-48D6-A196-9EC8FCB72AE7}"
EndProject
Project("{FAE04EC0-301F-11D3-BF4B-00C04F79EFBC}") = "Wacs.ComponentModel.Parser", "Wacs.ComponentModel\Wacs.ComponentModel.Parser\Wacs.ComponentModel.Parser.csproj", "{F402EC8B-EA8E-4FB3-8F8C-3A4FA87471EB}"
EndProject
Project("{FAE04EC0-301F-11D3-BF4B-00C04F79EFBC}") = "Wacs.ComponentModel.Harness.Runtime", "Wacs.ComponentModel\Wacs.ComponentModel.Harness.Runtime\Wacs.ComponentModel.Harness.Runtime.csproj", "{406F8E84-12D3-4F47-BF34-1E2A81AD5A6D}"
EndProject
Project("{FAE04EC0-301F-11D3-BF4B-00C04F79EFBC}") = "Wacs.ComponentModel.Test", "Wacs.ComponentModel\Wacs.ComponentModel.Test\Wacs.ComponentModel.Test.csproj", "{3A1F1B47-654C-436C-BE0E-158A923AACF3}"
EndProject
Project("{FAE04EC0-301F-11D3-BF4B-00C04F79EFBC}") = "Wacs.ComponentModel.Bindgen.Lib", "Wacs.ComponentModel\Wacs.ComponentModel.Bindgen.Lib\Wacs.ComponentModel.Bindgen.Lib.csproj", "{4E155331-7FAC-4011-BFA6-F11704476918}"
EndProject
Project("{FAE04EC0-301F-11D3-BF4B-00C04F79EFBC}") = "Wacs.ComponentModel.Bindgen.Test", "Wacs.ComponentModel\Wacs.ComponentModel.Bindgen.Test\Wacs.ComponentModel.Bindgen.Test.csproj", "{913854F9-ABD3-4E64-9029-802FCFE652C2}"
EndProject
Project("{FAE04EC0-301F-11D3-BF4B-00C04F79EFBC}") = "Wacs.WASI.Preview2", "Wacs.WASI\Wacs.WASI.Preview2\Wacs.WASI.Preview2\Wacs.WASI.Preview2.csproj", "{426738E4-CB0D-4954-BB13-FF530B13158A}"
EndProject
Project("{FAE04EC0-301F-11D3-BF4B-00C04F79EFBC}") = "Wacs.WASI.Preview2.Test", "Wacs.WASI\Wacs.WASI.Preview2\Wacs.WASI.Preview2.Test\Wacs.WASI.Preview2.Test.csproj", "{26C8C659-7CC5-4A0B-8283-04DFEB070A0F}"
EndProject
Project("{FAE04EC0-301F-11D3-BF4B-00C04F79EFBC}") = "Wacs.WASI.Preview2.DependencyInjection", "Wacs.WASI\Wacs.WASI.Preview2\Wacs.WASI.Preview2.DependencyInjection\Wacs.WASI.Preview2.DependencyInjection.csproj", "{57FEE854-BFFE-4F23-B9FA-6D3127C29A5B}"
EndProject
Project("{FAE04EC0-301F-11D3-BF4B-00C04F79EFBC}") = "Wacs.WASI.Preview1.Test", "Wacs.WASI\Wacs.WASI.Preview1\Wacs.WASI.Preview1.Test\Wacs.WASI.Preview1.Test.csproj", "{BA061514-ADB0-44B7-ADFF-D2D637F14151}"
EndProject
Project("{FAE04EC0-301F-11D3-BF4B-00C04F79EFBC}") = "Wacs.Bench.Aot", "Wacs.Bench\Wacs.Bench.Aot\Wacs.Bench.Aot.csproj", "{6F7F8FF4-AA7F-41CA-8AFB-65C9A512D5E7}"
EndProject
Project("{FAE04EC0-301F-11D3-BF4B-00C04F79EFBC}") = "Wacs.WASIp1", "Wacs.WASI\Wacs.WASI.Preview1\Wacs.WASIp1\Wacs.WASIp1.csproj", "{BF832CCF-4865-4FCF-BA7F-A348239B1C2D}"
EndProject
Project("{FAE04EC0-301F-11D3-BF4B-00C04F79EFBC}") = "Wacs.HostBindings.Abstractions", "Wacs.HostBindings\Wacs.HostBindings.Abstractions\Wacs.HostBindings.Abstractions.csproj", "{C62DF1E4-73F9-4E2C-8C7D-195007CA9F4D}"
EndProject
Project("{FAE04EC0-301F-11D3-BF4B-00C04F79EFBC}") = "Wacs.HostBindings.Test", "Wacs.HostBindings\Wacs.HostBindings.Test\Wacs.HostBindings.Test.csproj", "{9C452F90-6D28-430D-8DCF-548BC485EF5E}"
EndProject
Project("{FAE04EC0-301F-11D3-BF4B-00C04F79EFBC}") = "Wacs.HostBindings.SourceGen", "Wacs.HostBindings\Wacs.HostBindings.SourceGen\Wacs.HostBindings.SourceGen.csproj", "{46A3C77F-120F-44E4-BB6A-C5A028C2DC49}"
EndProject
Project("{FAE04EC0-301F-11D3-BF4B-00C04F79EFBC}") = "Wacs.WASI.NN", "Wacs.WASI\Wacs.WASI.NN\Wacs.WASI.NN\Wacs.WASI.NN.csproj", "{9E82F862-834D-4E94-A22E-8588F3689652}"
EndProject
Project("{FAE04EC0-301F-11D3-BF4B-00C04F79EFBC}") = "Wacs.WASI.NN.Test", "Wacs.WASI\Wacs.WASI.NN\Wacs.WASI.NN.Test\Wacs.WASI.NN.Test.csproj", "{164D4335-423A-4042-A7B3-7515231A10C6}"
EndProject
Project("{FAE04EC0-301F-11D3-BF4B-00C04F79EFBC}") = "Wacs.WASI.NN.OnnxRuntime", "Wacs.WASI\Wacs.WASI.NN\Wacs.WASI.NN.OnnxRuntime\Wacs.WASI.NN.OnnxRuntime.csproj", "{8AD3C635-BF5B-4C3B-BBFB-873FAD08E5AE}"
EndProject
Project("{FAE04EC0-301F-11D3-BF4B-00C04F79EFBC}") = "Wacs.WASI.NN.OnnxRuntime.Test", "Wacs.WASI\Wacs.WASI.NN\Wacs.WASI.NN.OnnxRuntime.Test\Wacs.WASI.NN.OnnxRuntime.Test.csproj", "{6F807FE2-3EEC-4E25-B4AD-71CA40417166}"
EndProject
Project("{FAE04EC0-301F-11D3-BF4B-00C04F79EFBC}") = "Wacs.WASI.NN.MLNet", "Wacs.WASI\Wacs.WASI.NN\Wacs.WASI.NN.MLNet\Wacs.WASI.NN.MLNet.csproj", "{9E74AE86-CF65-483C-87DA-80C38088016A}"
EndProject
Project("{FAE04EC0-301F-11D3-BF4B-00C04F79EFBC}") = "Wacs.WASI.NN.MLNet.Test", "Wacs.WASI\Wacs.WASI.NN\Wacs.WASI.NN.MLNet.Test\Wacs.WASI.NN.MLNet.Test.csproj", "{D4E7F0CB-3142-4A49-8595-AA1F2D473C3F}"
EndProject
Project("{FAE04EC0-301F-11D3-BF4B-00C04F79EFBC}") = "Wacs.WASI.NN.LlamaSharp", "Wacs.WASI\Wacs.WASI.NN\Wacs.WASI.NN.LlamaSharp\Wacs.WASI.NN.LlamaSharp.csproj", "{180ABE4F-4DAC-4E57-B1C6-2F261436224D}"
EndProject
Project("{FAE04EC0-301F-11D3-BF4B-00C04F79EFBC}") = "Wacs.WASI.NN.LlamaSharp.Test", "Wacs.WASI\Wacs.WASI.NN\Wacs.WASI.NN.LlamaSharp.Test\Wacs.WASI.NN.LlamaSharp.Test.csproj", "{B9C080B5-09A0-4529-92A7-68D53ED45364}"
EndProject
Project("{2150E333-8FDC-42A3-9474-1A3956D46DE8}") = "Wacs.WASI/Wacs.WASI.NN/Wacs.WASI.NN", "Wacs.WASI\Wacs.WASI.NN\Wacs.WASI.NN", "{4B1DC748-5EC8-45CE-A778-3A5E3068A615}"
EndProject
Project("{2150E333-8FDC-42A3-9474-1A3956D46DE8}") = "Wacs.WASI", "Wacs.WASI", "{C9FB756E-1CEF-43AF-A334-B84764D8DD25}"
EndProject
Project("{2150E333-8FDC-42A3-9474-1A3956D46DE8}") = "Wacs.WASI.NN", "Wacs.WASI.NN", "{9A71E6F3-5575-483C-90AB-3A026F3481CE}"
EndProject
Project("{FAE04EC0-301F-11D3-BF4B-00C04F79EFBC}") = "Wacs.WASI.NN.TorchSharp", "Wacs.WASI\Wacs.WASI.NN\Wacs.WASI.NN.TorchSharp\Wacs.WASI.NN.TorchSharp.csproj", "{1D353F65-8BEA-4D7A-8B6A-13E7F81806F6}"
EndProject
Project("{FAE04EC0-301F-11D3-BF4B-00C04F79EFBC}") = "Wacs.WASI.NN.TorchSharp.Test", "Wacs.WASI\Wacs.WASI.NN\Wacs.WASI.NN.TorchSharp.Test\Wacs.WASI.NN.TorchSharp.Test.csproj", "{D0E3867D-977C-4636-8743-E3CECC01DFE0}"
EndProject
Project("{FAE04EC0-301F-11D3-BF4B-00C04F79EFBC}") = "Wacs.WASI.NN.OnnxRuntimeGenAI", "Wacs.WASI\Wacs.WASI.NN\Wacs.WASI.NN.OnnxRuntimeGenAI\Wacs.WASI.NN.OnnxRuntimeGenAI.csproj", "{87FFBEFF-74F8-4EF9-8BAF-7B6F3DBAF0D4}"
EndProject
Project("{FAE04EC0-301F-11D3-BF4B-00C04F79EFBC}") = "Wacs.WASI.NN.OnnxRuntimeGenAI.Test", "Wacs.WASI\Wacs.WASI.NN\Wacs.WASI.NN.OnnxRuntimeGenAI.Test\Wacs.WASI.NN.OnnxRuntimeGenAI.Test.csproj", "{61967DF0-785B-4509-92B1-836101B7367F}"
EndProject
Project("{FAE04EC0-301F-11D3-BF4B-00C04F79EFBC}") = "Wacs.WASI.GFX", "Wacs.WASI\Wacs.WASI.GFX\Wacs.WASI.GFX\Wacs.WASI.GFX.csproj", "{5070425A-05E6-4421-9BCD-222E6EE90127}"
EndProject
Global
	GlobalSection(SolutionConfigurationPlatforms) = preSolution
		Debug|Any CPU = Debug|Any CPU
		Release|Any CPU = Release|Any CPU
	EndGlobalSection
	GlobalSection(ProjectConfigurationPlatforms) = postSolution
		{7ABE1650-C85B-4175-A7A0-12B39287AD37}.Debug|Any CPU.ActiveCfg = Debug|Any CPU
		{7ABE1650-C85B-4175-A7A0-12B39287AD37}.Debug|Any CPU.Build.0 = Debug|Any CPU
		{7ABE1650-C85B-4175-A7A0-12B39287AD37}.Release|Any CPU.ActiveCfg = Release|Any CPU
		{7ABE1650-C85B-4175-A7A0-12B39287AD37}.Release|Any CPU.Build.0 = Release|Any CPU
		{E355AFC4-1C09-44AF-BF44-AFF1515AE359}.Debug|Any CPU.ActiveCfg = Debug|Any CPU
		{E355AFC4-1C09-44AF-BF44-AFF1515AE359}.Debug|Any CPU.Build.0 = Debug|Any CPU
		{E355AFC4-1C09-44AF-BF44-AFF1515AE359}.Release|Any CPU.ActiveCfg = Release|Any CPU
		{E355AFC4-1C09-44AF-BF44-AFF1515AE359}.Release|Any CPU.Build.0 = Release|Any CPU
		{A7D87353-CC96-4718-8A86-454F27F5BB72}.Debug|Any CPU.ActiveCfg = Debug|Any CPU
		{A7D87353-CC96-4718-8A86-454F27F5BB72}.Debug|Any CPU.Build.0 = Debug|Any CPU
		{A7D87353-CC96-4718-8A86-454F27F5BB72}.Release|Any CPU.ActiveCfg = Release|Any CPU
		{A7D87353-CC96-4718-8A86-454F27F5BB72}.Release|Any CPU.Build.0 = Release|Any CPU
		{2200F588-3506-4A4B-BD86-1C8FABA5A19E}.Debug|Any CPU.ActiveCfg = Debug|Any CPU
		{2200F588-3506-4A4B-BD86-1C8FABA5A19E}.Debug|Any CPU.Build.0 = Debug|Any CPU
		{2200F588-3506-4A4B-BD86-1C8FABA5A19E}.Release|Any CPU.ActiveCfg = Release|Any CPU
		{2200F588-3506-4A4B-BD86-1C8FABA5A19E}.Release|Any CPU.Build.0 = Release|Any CPU
		{AE0D7913-8AA2-4054-B7BC-0C522584272C}.Debug|Any CPU.ActiveCfg = Debug|Any CPU
		{AE0D7913-8AA2-4054-B7BC-0C522584272C}.Debug|Any CPU.Build.0 = Debug|Any CPU
		{AE0D7913-8AA2-4054-B7BC-0C522584272C}.Release|Any CPU.ActiveCfg = Release|Any CPU
		{AE0D7913-8AA2-4054-B7BC-0C522584272C}.Release|Any CPU.Build.0 = Release|Any CPU
		{047F4142-5620-4F5B-AFD9-344D398EBEB9}.Debug|Any CPU.ActiveCfg = Debug|Any CPU
		{047F4142-5620-4F5B-AFD9-344D398EBEB9}.Debug|Any CPU.Build.0 = Debug|Any CPU
		{047F4142-5620-4F5B-AFD9-344D398EBEB9}.Release|Any CPU.ActiveCfg = Release|Any CPU
		{047F4142-5620-4F5B-AFD9-344D398EBEB9}.Release|Any CPU.Build.0 = Release|Any CPU
		{3330F8C1-1F9B-438E-B10B-BB1B34493E29}.Debug|Any CPU.ActiveCfg = Debug|Any CPU
		{3330F8C1-1F9B-438E-B10B-BB1B34493E29}.Debug|Any CPU.Build.0 = Debug|Any CPU
		{3330F8C1-1F9B-438E-B10B-BB1B34493E29}.Release|Any CPU.ActiveCfg = Release|Any CPU
		{3330F8C1-1F9B-438E-B10B-BB1B34493E29}.Release|Any CPU.Build.0 = Release|Any CPU
		{86D77261-EBF7-4ED4-8958-57EDDC211E7F}.Debug|Any CPU.ActiveCfg = Debug|Any CPU
		{86D77261-EBF7-4ED4-8958-57EDDC211E7F}.Debug|Any CPU.Build.0 = Debug|Any CPU
		{86D77261-EBF7-4ED4-8958-57EDDC211E7F}.Release|Any CPU.ActiveCfg = Release|Any CPU
		{86D77261-EBF7-4ED4-8958-57EDDC211E7F}.Release|Any CPU.Build.0 = Release|Any CPU
		{854DD165-D7CB-45AE-8413-EA81F6D2C5C3}.Debug|Any CPU.ActiveCfg = Debug|Any CPU
		{854DD165-D7CB-45AE-8413-EA81F6D2C5C3}.Debug|Any CPU.Build.0 = Debug|Any CPU
		{854DD165-D7CB-45AE-8413-EA81F6D2C5C3}.Release|Any CPU.ActiveCfg = Release|Any CPU
		{854DD165-D7CB-45AE-8413-EA81F6D2C5C3}.Release|Any CPU.Build.0 = Release|Any CPU
		{CC2BEAF6-76B7-449A-8D23-549025E6F120}.Debug|Any CPU.ActiveCfg = Debug|Any CPU
		{CC2BEAF6-76B7-449A-8D23-549025E6F120}.Debug|Any CPU.Build.0 = Debug|Any CPU
		{CC2BEAF6-76B7-449A-8D23-549025E6F120}.Release|Any CPU.ActiveCfg = Release|Any CPU
		{CC2BEAF6-76B7-449A-8D23-549025E6F120}.Release|Any CPU.Build.0 = Release|Any CPU
		{6DB10230-B3B1-49CF-97E4-939A5DF4FF4B}.Debug|Any CPU.ActiveCfg = Debug|Any CPU
		{6DB10230-B3B1-49CF-97E4-939A5DF4FF4B}.Debug|Any CPU.Build.0 = Debug|Any CPU
		{6DB10230-B3B1-49CF-97E4-939A5DF4FF4B}.Release|Any CPU.ActiveCfg = Release|Any CPU
		{6DB10230-B3B1-49CF-97E4-939A5DF4FF4B}.Release|Any CPU.Build.0 = Release|Any CPU
		{29E1FED0-1867-43DF-A473-EB7871C32EBB}.Debug|Any CPU.ActiveCfg = Debug|Any CPU
		{29E1FED0-1867-43DF-A473-EB7871C32EBB}.Debug|Any CPU.Build.0 = Debug|Any CPU
		{29E1FED0-1867-43DF-A473-EB7871C32EBB}.Release|Any CPU.ActiveCfg = Release|Any CPU
		{29E1FED0-1867-43DF-A473-EB7871C32EBB}.Release|Any CPU.Build.0 = Release|Any CPU
		{5C50513B-BD3A-48D6-A196-9EC8FCB72AE7}.Debug|Any CPU.ActiveCfg = Debug|Any CPU
		{5C50513B-BD3A-48D6-A196-9EC8FCB72AE7}.Debug|Any CPU.Build.0 = Debug|Any CPU
		{5C50513B-BD3A-48D6-A196-9EC8FCB72AE7}.Release|Any CPU.ActiveCfg = Release|Any CPU
		{5C50513B-BD3A-48D6-A196-9EC8FCB72AE7}.Release|Any CPU.Build.0 = Release|Any CPU
		{F402EC8B-EA8E-4FB3-8F8C-3A4FA87471EB}.Debug|Any CPU.ActiveCfg = Debug|Any CPU
		{F402EC8B-EA8E-4FB3-8F8C-3A4FA87471EB}.Debug|Any CPU.Build.0 = Debug|Any CPU
		{F402EC8B-EA8E-4FB3-8F8C-3A4FA87471EB}.Release|Any CPU.ActiveCfg = Release|Any CPU
		{F402EC8B-EA8E-4FB3-8F8C-3A4FA87471EB}.Release|Any CPU.Build.0 = Release|Any CPU
		{406F8E84-12D3-4F47-BF34-1E2A81AD5A6D}.Debug|Any CPU.ActiveCfg = Debug|Any CPU
		{406F8E84-12D3-4F47-BF34-1E2A81AD5A6D}.Debug|Any CPU.Build.0 = Debug|Any CPU
		{406F8E84-12D3-4F47-BF34-1E2A81AD5A6D}.Release|Any CPU.ActiveCfg = Release|Any CPU
		{406F8E84-12D3-4F47-BF34-1E2A81AD5A6D}.Release|Any CPU.Build.0 = Release|Any CPU
		{3A1F1B47-654C-436C-BE0E-158A923AACF3}.Debug|Any CPU.ActiveCfg = Debug|Any CPU
		{3A1F1B47-654C-436C-BE0E-158A923AACF3}.Debug|Any CPU.Build.0 = Debug|Any CPU
		{3A1F1B47-654C-436C-BE0E-158A923AACF3}.Release|Any CPU.ActiveCfg = Release|Any CPU
		{3A1F1B47-654C-436C-BE0E-158A923AACF3}.Release|Any CPU.Build.0 = Release|Any CPU
		{4E155331-7FAC-4011-BFA6-F11704476918}.Debug|Any CPU.ActiveCfg = Debug|Any CPU
		{4E155331-7FAC-4011-BFA6-F11704476918}.Debug|Any CPU.Build.0 = Debug|Any CPU
		{4E155331-7FAC-4011-BFA6-F11704476918}.Release|Any CPU.ActiveCfg = Release|Any CPU
		{4E155331-7FAC-4011-BFA6-F11704476918}.Release|Any CPU.Build.0 = Release|Any CPU
		{913854F9-ABD3-4E64-9029-802FCFE652C2}.Debug|Any CPU.ActiveCfg = Debug|Any CPU
		{913854F9-ABD3-4E64-9029-802FCFE652C2}.Debug|Any CPU.Build.0 = Debug|Any CPU
		{913854F9-ABD3-4E64-9029-802FCFE652C2}.Release|Any CPU.ActiveCfg = Release|Any CPU
		{913854F9-ABD3-4E64-9029-802FCFE652C2}.Release|Any CPU.Build.0 = Release|Any CPU
		{426738E4-CB0D-4954-BB13-FF530B13158A}.Debug|Any CPU.ActiveCfg = Debug|Any CPU
		{426738E4-CB0D-4954-BB13-FF530B13158A}.Debug|Any CPU.Build.0 = Debug|Any CPU
		{426738E4-CB0D-4954-BB13-FF530B13158A}.Release|Any CPU.ActiveCfg = Release|Any CPU
		{426738E4-CB0D-4954-BB13-FF530B13158A}.Release|Any CPU.Build.0 = Release|Any CPU
		{26C8C659-7CC5-4A0B-8283-04DFEB070A0F}.Debug|Any CPU.ActiveCfg = Debug|Any CPU
		{26C8C659-7CC5-4A0B-8283-04DFEB070A0F}.Debug|Any CPU.Build.0 = Debug|Any CPU
		{26C8C659-7CC5-4A0B-8283-04DFEB070A0F}.Release|Any CPU.ActiveCfg = Release|Any CPU
		{26C8C659-7CC5-4A0B-8283-04DFEB070A0F}.Release|Any CPU.Build.0 = Release|Any CPU
		{57FEE854-BFFE-4F23-B9FA-6D3127C29A5B}.Debug|Any CPU.ActiveCfg = Debug|Any CPU
		{57FEE854-BFFE-4F23-B9FA-6D3127C29A5B}.Debug|Any CPU.Build.0 = Debug|Any CPU
		{57FEE854-BFFE-4F23-B9FA-6D3127C29A5B}.Release|Any CPU.ActiveCfg = Release|Any CPU
		{57FEE854-BFFE-4F23-B9FA-6D3127C29A5B}.Release|Any CPU.Build.0 = Release|Any CPU
		{BA061514-ADB0-44B7-ADFF-D2D637F14151}.Debug|Any CPU.ActiveCfg = Debug|Any CPU
		{BA061514-ADB0-44B7-ADFF-D2D637F14151}.Debug|Any CPU.Build.0 = Debug|Any CPU
		{BA061514-ADB0-44B7-ADFF-D2D637F14151}.Release|Any CPU.ActiveCfg = Release|Any CPU
		{BA061514-ADB0-44B7-ADFF-D2D637F14151}.Release|Any CPU.Build.0 = Release|Any CPU
		{6F7F8FF4-AA7F-41CA-8AFB-65C9A512D5E7}.Debug|Any CPU.ActiveCfg = Debug|Any CPU
		{6F7F8FF4-AA7F-41CA-8AFB-65C9A512D5E7}.Debug|Any CPU.Build.0 = Debug|Any CPU
		{6F7F8FF4-AA7F-41CA-8AFB-65C9A512D5E7}.Release|Any CPU.ActiveCfg = Release|Any CPU
		{6F7F8FF4-AA7F-41CA-8AFB-65C9A512D5E7}.Release|Any CPU.Build.0 = Release|Any CPU
		{BF832CCF-4865-4FCF-BA7F-A348239B1C2D}.Debug|Any CPU.ActiveCfg = Debug|Any CPU
		{BF832CCF-4865-4FCF-BA7F-A348239B1C2D}.Debug|Any CPU.Build.0 = Debug|Any CPU
		{BF832CCF-4865-4FCF-BA7F-A348239B1C2D}.Release|Any CPU.ActiveCfg = Release|Any CPU
		{BF832CCF-4865-4FCF-BA7F-A348239B1C2D}.Release|Any CPU.Build.0 = Release|Any CPU
		{C62DF1E4-73F9-4E2C-8C7D-195007CA9F4D}.Debug|Any CPU.ActiveCfg = Debug|Any CPU
		{C62DF1E4-73F9-4E2C-8C7D-195007CA9F4D}.Debug|Any CPU.Build.0 = Debug|Any CPU
		{C62DF1E4-73F9-4E2C-8C7D-195007CA9F4D}.Release|Any CPU.ActiveCfg = Release|Any CPU
		{C62DF1E4-73F9-4E2C-8C7D-195007CA9F4D}.Release|Any CPU.Build.0 = Release|Any CPU
		{9C452F90-6D28-430D-8DCF-548BC485EF5E}.Debug|Any CPU.ActiveCfg = Debug|Any CPU
		{9C452F90-6D28-430D-8DCF-548BC485EF5E}.Debug|Any CPU.Build.0 = Debug|Any CPU
		{9C452F90-6D28-430D-8DCF-548BC485EF5E}.Release|Any CPU.ActiveCfg = Release|Any CPU
		{9C452F90-6D28-430D-8DCF-548BC485EF5E}.Release|Any CPU.Build.0 = Release|Any CPU
		{46A3C77F-120F-44E4-BB6A-C5A028C2DC49}.Debug|Any CPU.ActiveCfg = Debug|Any CPU
		{46A3C77F-120F-44E4-BB6A-C5A028C2DC49}.Debug|Any CPU.Build.0 = Debug|Any CPU
		{46A3C77F-120F-44E4-BB6A-C5A028C2DC49}.Release|Any CPU.ActiveCfg = Release|Any CPU
		{46A3C77F-120F-44E4-BB6A-C5A028C2DC49}.Release|Any CPU.Build.0 = Release|Any CPU
		{9E82F862-834D-4E94-A22E-8588F3689652}.Debug|Any CPU.ActiveCfg = Debug|Any CPU
		{9E82F862-834D-4E94-A22E-8588F3689652}.Debug|Any CPU.Build.0 = Debug|Any CPU
		{9E82F862-834D-4E94-A22E-8588F3689652}.Release|Any CPU.ActiveCfg = Release|Any CPU
		{9E82F862-834D-4E94-A22E-8588F3689652}.Release|Any CPU.Build.0 = Release|Any CPU
		{164D4335-423A-4042-A7B3-7515231A10C6}.Debug|Any CPU.ActiveCfg = Debug|Any CPU
		{164D4335-423A-4042-A7B3-7515231A10C6}.Debug|Any CPU.Build.0 = Debug|Any CPU
		{164D4335-423A-4042-A7B3-7515231A10C6}.Release|Any CPU.ActiveCfg = Release|Any CPU
		{164D4335-423A-4042-A7B3-7515231A10C6}.Release|Any CPU.Build.0 = Release|Any CPU
		{8AD3C635-BF5B-4C3B-BBFB-873FAD08E5AE}.Debug|Any CPU.ActiveCfg = Debug|Any CPU
		{8AD3C635-BF5B-4C3B-BBFB-873FAD08E5AE}.Debug|Any CPU.Build.0 = Debug|Any CPU
		{8AD3C635-BF5B-4C3B-BBFB-873FAD08E5AE}.Release|Any CPU.ActiveCfg = Release|Any CPU
		{8AD3C635-BF5B-4C3B-BBFB-873FAD08E5AE}.Release|Any CPU.Build.0 = Release|Any CPU
		{6F807FE2-3EEC-4E25-B4AD-71CA40417166}.Debug|Any CPU.ActiveCfg = Debug|Any CPU
		{6F807FE2-3EEC-4E25-B4AD-71CA40417166}.Debug|Any CPU.Build.0 = Debug|Any CPU
		{6F807FE2-3EEC-4E25-B4AD-71CA40417166}.Release|Any CPU.ActiveCfg = Release|Any CPU
		{6F807FE2-3EEC-4E25-B4AD-71CA40417166}.Release|Any CPU.Build.0 = Release|Any CPU
		{9E74AE86-CF65-483C-87DA-80C38088016A}.Debug|Any CPU.ActiveCfg = Debug|Any CPU
		{9E74AE86-CF65-483C-87DA-80C38088016A}.Debug|Any CPU.Build.0 = Debug|Any CPU
		{9E74AE86-CF65-483C-87DA-80C38088016A}.Release|Any CPU.ActiveCfg = Release|Any CPU
		{9E74AE86-CF65-483C-87DA-80C38088016A}.Release|Any CPU.Build.0 = Release|Any CPU
		{D4E7F0CB-3142-4A49-8595-AA1F2D473C3F}.Debug|Any CPU.ActiveCfg = Debug|Any CPU
		{D4E7F0CB-3142-4A49-8595-AA1F2D473C3F}.Debug|Any CPU.Build.0 = Debug|Any CPU
		{D4E7F0CB-3142-4A49-8595-AA1F2D473C3F}.Release|Any CPU.ActiveCfg = Release|Any CPU
		{D4E7F0CB-3142-4A49-8595-AA1F2D473C3F}.Release|Any CPU.Build.0 = Release|Any CPU
		{180ABE4F-4DAC-4E57-B1C6-2F261436224D}.Debug|Any CPU.ActiveCfg = Debug|Any CPU
		{180ABE4F-4DAC-4E57-B1C6-2F261436224D}.Debug|Any CPU.Build.0 = Debug|Any CPU
		{180ABE4F-4DAC-4E57-B1C6-2F261436224D}.Release|Any CPU.ActiveCfg = Release|Any CPU
		{180ABE4F-4DAC-4E57-B1C6-2F261436224D}.Release|Any CPU.Build.0 = Release|Any CPU
		{B9C080B5-09A0-4529-92A7-68D53ED45364}.Debug|Any CPU.ActiveCfg = Debug|Any CPU
		{B9C080B5-09A0-4529-92A7-68D53ED45364}.Debug|Any CPU.Build.0 = Debug|Any CPU
		{B9C080B5-09A0-4529-92A7-68D53ED45364}.Release|Any CPU.ActiveCfg = Release|Any CPU
		{B9C080B5-09A0-4529-92A7-68D53ED45364}.Release|Any CPU.Build.0 = Release|Any CPU
		{1D353F65-8BEA-4D7A-8B6A-13E7F81806F6}.Debug|Any CPU.ActiveCfg = Debug|Any CPU
		{1D353F65-8BEA-4D7A-8B6A-13E7F81806F6}.Debug|Any CPU.Build.0 = Debug|Any CPU
		{1D353F65-8BEA-4D7A-8B6A-13E7F81806F6}.Release|Any CPU.ActiveCfg = Release|Any CPU
		{1D353F65-8BEA-4D7A-8B6A-13E7F81806F6}.Release|Any CPU.Build.0 = Release|Any CPU
		{D0E3867D-977C-4636-8743-E3CECC01DFE0}.Debug|Any CPU.ActiveCfg = Debug|Any CPU
		{D0E3867D-977C-4636-8743-E3CECC01DFE0}.Debug|Any CPU.Build.0 = Debug|Any CPU
		{D0E3867D-977C-4636-8743-E3CECC01DFE0}.Release|Any CPU.ActiveCfg = Release|Any CPU
		{D0E3867D-977C-4636-8743-E3CECC01DFE0}.Release|Any CPU.Build.0 = Release|Any CPU
		{87FFBEFF-74F8-4EF9-8BAF-7B6F3DBAF0D4}.Debug|Any CPU.ActiveCfg = Debug|Any CPU
		{87FFBEFF-74F8-4EF9-8BAF-7B6F3DBAF0D4}.Debug|Any CPU.Build.0 = Debug|Any CPU
		{87FFBEFF-74F8-4EF9-8BAF-7B6F3DBAF0D4}.Release|Any CPU.ActiveCfg = Release|Any CPU
		{87FFBEFF-74F8-4EF9-8BAF-7B6F3DBAF0D4}.Release|Any CPU.Build.0 = Release|Any CPU
		{61967DF0-785B-4509-92B1-836101B7367F}.Debug|Any CPU.ActiveCfg = Debug|Any CPU
		{61967DF0-785B-4509-92B1-836101B7367F}.Debug|Any CPU.Build.0 = Debug|Any CPU
		{61967DF0-785B-4509-92B1-836101B7367F}.Release|Any CPU.ActiveCfg = Release|Any CPU
		{61967DF0-785B-4509-92B1-836101B7367F}.Release|Any CPU.Build.0 = Release|Any CPU
		{5070425A-05E6-4421-9BCD-222E6EE90127}.Debug|Any CPU.ActiveCfg = Debug|Any CPU
		{5070425A-05E6-4421-9BCD-222E6EE90127}.Debug|Any CPU.Build.0 = Debug|Any CPU
		{5070425A-05E6-4421-9BCD-222E6EE90127}.Release|Any CPU.ActiveCfg = Release|Any CPU
		{5070425A-05E6-4421-9BCD-222E6EE90127}.Release|Any CPU.Build.0 = Release|Any CPU
	EndGlobalSection
	GlobalSection(NestedProjects) = preSolution
		{9E82F862-834D-4E94-A22E-8588F3689652} = {4B1DC748-5EC8-45CE-A778-3A5E3068A615}
		{9A71E6F3-5575-483C-90AB-3A026F3481CE} = {C9FB756E-1CEF-43AF-A334-B84764D8DD25}
		{1D353F65-8BEA-4D7A-8B6A-13E7F81806F6} = {9A71E6F3-5575-483C-90AB-3A026F3481CE}
		{D0E3867D-977C-4636-8743-E3CECC01DFE0} = {9A71E6F3-5575-483C-90AB-3A026F3481CE}
		{87FFBEFF-74F8-4EF9-8BAF-7B6F3DBAF0D4} = {9A71E6F3-5575-483C-90AB-3A026F3481CE}
		{61967DF0-785B-4509-92B1-836101B7367F} = {9A71E6F3-5575-483C-90AB-3A026F3481CE}
		{5070425A-05E6-4421-9BCD-222E6EE90127} = {C9FB756E-1CEF-43AF-A334-B84764D8DD25}
	EndGlobalSection
EndGlobal
